<?xml version="1.0" encoding="utf-8"?>
<Project ToolsVersion="4.0" xmlns="http://schemas.microsoft.com/developer/msbuild/2003">
  <ItemGroup>
    <ClCompile Include="main.cpp" />
    <ClCompile Include="BinaryBuilder.cpp" />
    <ClCompile Include="BinaryUtil.cpp">
      <Filter>Util</Filter>
    </ClCompile>
    <ClCompile Include="StringUtil.cpp">
      <Filter>Util</Filter>
    </ClCompile>
    <ClCompile Include="Packet.cpp">
      <Filter>Packet</Filter>
    </ClCompile>
    <ClCompile Include="SystemPacket.cpp">
      <Filter>Packet</Filter>
    </ClCompile>
    <ClCompile Include="PacketBuilder.cpp" />
    <ClCompile Include="Network.cpp">
      <Filter>Network</Filter>
    </ClCompile>
    <ClCompile Include="EventObject.cpp">
      <Filter>Base</Filter>
    </ClCompile>
    <ClCompile Include="Memory.cpp">
      <Filter>Base</Filter>
    </ClCompile>
    <ClCompile Include="Port.cpp">
      <Filter>Network</Filter>
    </ClCompile>
    <ClCompile Include="RefCountObject.cpp">
      <Filter>Base</Filter>
    </ClCompile>
    <ClCompile Include="MemoryManager.cpp">
      <Filter>Base</Filter>
    </ClCompile>
    <ClCompile Include="Log.cpp" />
    <ClCompile Include="Socket.cpp">
      <Filter>Network</Filter>
    </ClCompile>
    <ClCompile Include="Lock.cpp">
      <Filter>Base</Filter>
    </ClCompile>
    <ClCompile Include="PacketBufferHandler.cpp">
      <Filter>Network</Filter>
    </ClCompile>
    <ClCompile Include="PacketBuffer.cpp">
      <Filter>Network</Filter>
    </ClCompile>
    <ClCompile Include="PortListener.cpp">
      <Filter>Network</Filter>
    </ClCompile>
    <ClCompile Include="ThreadManager.cpp" />
    <ClCompile Include="ThreadBase.cpp" />
    <ClCompile Include="CrashHandler.cpp" />
    <ClCompile Include="IOThread.cpp" />
    <ClCompile Include="ServerConnection.cpp">
      <Filter>Network</Filter>
    </ClCompile>
    <ClCompile Include="Map.cpp">
      <Filter>Map</Filter>
    </ClCompile>
    <ClCompile Include="Sector.cpp">
      <Filter>Map</Filter>
    </ClCompile>
    <ClCompile Include="PathData.cpp">
      <Filter>PathEngine</Filter>
    </ClCompile>
    <ClCompile Include="PathEngineManager.cpp">
      <Filter>PathEngine</Filter>
    </ClCompile>
    <ClCompile Include="DataManager.cpp">
      <Filter>Data</Filter>
    </ClCompile>
  </ItemGroup>
  <ItemGroup>
    <ClInclude Include="TypeDefine.h" />
    <ClInclude Include="BinaryBuilder.h" />
    <ClInclude Include="Define.h" />
    <ClInclude Include="Debug.h" />
    <ClInclude Include="BinaryUtil.h">
      <Filter>Util</Filter>
    </ClInclude>
    <ClInclude Include="StringUtil.h">
      <Filter>Util</Filter>
    </ClInclude>
    <ClInclude Include="Packet.h">
      <Filter>Packet</Filter>
    </ClInclude>
    <ClInclude Include="ISerializable.h" />
    <ClInclude Include="SystemPacket.h">
      <Filter>Packet</Filter>
    </ClInclude>
    <ClInclude Include="PacketBuilder.h" />
    <ClInclude Include="Network.h">
      <Filter>Network</Filter>
    </ClInclude>
    <ClInclude Include="INetwork.h">
      <Filter>Network</Filter>
    </ClInclude>
    <ClInclude Include="EventObject.h">
      <Filter>Base</Filter>
    </ClInclude>
    <ClInclude Include="Memory.h">
      <Filter>Base</Filter>
    </ClInclude>
    <ClInclude Include="Port.h">
      <Filter>Network</Filter>
    </ClInclude>
    <ClInclude Include="RefCountObject.h">
      <Filter>Base</Filter>
    </ClInclude>
    <ClInclude Include="DataConst.h" />
    <ClInclude Include="StlAllocator.h">
      <Filter>Base</Filter>
    </ClInclude>
    <ClInclude Include="MemoryManager.h">
      <Filter>Base</Filter>
    </ClInclude>
    <ClInclude Include="Log.h" />
    <ClInclude Include="Socket.h">
      <Filter>Network</Filter>
    </ClInclude>
    <ClInclude Include="Lock.h">
      <Filter>Base</Filter>
    </ClInclude>
    <ClInclude Include="PacketBufferHandler.h">
      <Filter>Network</Filter>
    </ClInclude>
    <ClInclude Include="PacketBuffer.h">
      <Filter>Network</Filter>
    </ClInclude>
    <ClInclude Include="PortListener.h">
      <Filter>Network</Filter>
    </ClInclude>
    <ClInclude Include="INetworkNotify.h">
      <Filter>Network</Filter>
    </ClInclude>
    <ClInclude Include="ThreadManager.h" />
    <ClInclude Include="ThreadBase.h" />
    <ClInclude Include="CrashHandler.h" />
    <ClInclude Include="IOThread.h" />
    <ClInclude Include="NetworkDesc.h">
      <Filter>Network</Filter>
    </ClInclude>
    <ClInclude Include="IntrusivePtr.hpp">
      <Filter>Base</Filter>
    </ClInclude>
    <ClInclude Include="ServerConnection.h">
      <Filter>Network</Filter>
    </ClInclude>
    <ClInclude Include="Map.h">
      <Filter>Map</Filter>
    </ClInclude>
    <ClInclude Include="Sector.h">
      <Filter>Map</Filter>
    </ClInclude>
    <ClInclude Include="PathData.h">
      <Filter>PathEngine</Filter>
    </ClInclude>
    <ClInclude Include="PathEngineManager.h">
      <Filter>PathEngine</Filter>
    </ClInclude>
    <ClInclude Include="DataManager.h">
      <Filter>Data</Filter>
    </ClInclude>
  </ItemGroup>
  <ItemGroup>
    <Filter Include="Util">
      <UniqueIdentifier>{63771047-4274-4e49-91cd-cbec1a74623c}</UniqueIdentifier>
    </Filter>
    <Filter Include="Packet">
      <UniqueIdentifier>{fb1a930f-e687-4170-9650-7caae3750d68}</UniqueIdentifier>
    </Filter>
    <Filter Include="Network">
      <UniqueIdentifier>{edeec206-7ec4-4f86-ae4a-1cf1c28c0a0c}</UniqueIdentifier>
    </Filter>
    <Filter Include="Base">
      <UniqueIdentifier>{cac919c2-74aa-4d84-a80d-5a28b7b4134d}</UniqueIdentifier>
    </Filter>
    <Filter Include="Map">
      <UniqueIdentifier>{00133420-aad5-4b36-bdbb-fe8067490977}</UniqueIdentifier>
    </Filter>
    <Filter Include="PathEngine">
      <UniqueIdentifier>{88086a76-6048-49ce-a089-ace1af6ff495}</UniqueIdentifier>
    </Filter>
    <Filter Include="Data">
      <UniqueIdentifier>{3c8de457-1131-49d8-85d7-c798bdd13464}</UniqueIdentifier>
    </Filter>
  </ItemGroup>
</Project>